{
  "name": "frontend",
  "version": "0.1.0",
  "lockfileVersion": 1,
  "requires": true,
  "dependencies": {
    "@reduxjs/toolkit": {
      "version": "1.5.0",
      "resolved": "https://registry.npmjs.org/@reduxjs/toolkit/-/toolkit-1.5.0.tgz",
      "integrity": "sha512-E/FUraRx+8guw9Hlg/Ja8jI/hwCrmIKed8Annt9YsZw3BQp+F24t5I5b2OWR6pkEHY4hn1BgP08FrTZFRKsdaQ==",
      "requires": {
        "immer": "^8.0.0",
        "redux": "^4.0.0",
        "redux-thunk": "^2.3.0",
        "reselect": "^4.0.0"
      }
    },
    "@sentry/browser": {
      "version": "6.2.2",
      "resolved": "https://registry.npmjs.org/@sentry/browser/-/browser-6.2.2.tgz",
      "integrity": "sha512-K5UGyEePtVPZIFMoiRafhd4Ov0M1kdozVsVKIPZrOpJyjQdPNX+fYDNL/h0nVmgOlE2S/uu4fl4mEfe/6aLShw==",
      "requires": {
        "@sentry/core": "6.2.2",
        "@sentry/types": "6.2.2",
        "@sentry/utils": "6.2.2",
        "tslib": "^1.9.3"
      }
    },
    "@sentry/core": {
      "version": "6.2.2",
      "resolved": "https://registry.npmjs.org/@sentry/core/-/core-6.2.2.tgz",
      "integrity": "sha512-qqWbvvXtymfXh7N5eEvk97MCnMURuyFIgqWdVD4MQM6yIfDCy36CyGfuQ3ViHTLZGdIfEOhLL9/f4kzf1RzqBA==",
      "requires": {
        "@sentry/hub": "6.2.2",
        "@sentry/minimal": "6.2.2",
        "@sentry/types": "6.2.2",
        "@sentry/utils": "6.2.2",
        "tslib": "^1.9.3"
      }
    },
    "@sentry/hub": {
      "version": "6.2.2",
      "resolved": "https://registry.npmjs.org/@sentry/hub/-/hub-6.2.2.tgz",
      "integrity": "sha512-VR6uQGRYt6RP633FHShlSLj0LUKGVrlTeSlwCoooWM5FR9lmi6akAaweuxpG78/kZvXrAWpjX6/nuYwHKGwzGA==",
      "requires": {
        "@sentry/types": "6.2.2",
        "@sentry/utils": "6.2.2",
        "tslib": "^1.9.3"
      }
    },
    "@sentry/minimal": {
      "version": "6.2.2",
      "resolved": "https://registry.npmjs.org/@sentry/minimal/-/minimal-6.2.2.tgz",
      "integrity": "sha512-l0IgoGQgg1lTd4qDU8bQn25sbZBg8PwIHfuTLbGMlRr1flDXHOM1UXajWK/UKbAPelnU7M2JBSVzgl7PwjprzA==",
      "requires": {
        "@sentry/hub": "6.2.2",
        "@sentry/types": "6.2.2",
        "tslib": "^1.9.3"
      }
    },
    "@sentry/react": {
      "version": "6.2.2",
      "resolved": "https://registry.npmjs.org/@sentry/react/-/react-6.2.2.tgz",
      "integrity": "sha512-yDuxPOD4j2WE5nX1p48GIqXwrrmwkjryFjtYvLgzGJkiGWLmGTrxrSqtUKrbqahJpKt3mi24Nkg0cMlsFB178g==",
      "requires": {
        "@sentry/browser": "6.2.2",
        "@sentry/minimal": "6.2.2",
        "@sentry/types": "6.2.2",
        "@sentry/utils": "6.2.2",
        "hoist-non-react-statics": "^3.3.2",
        "tslib": "^1.9.3"
      }
    },
    "@sentry/types": {
      "version": "6.2.2",
      "resolved": "https://registry.npmjs.org/@sentry/types/-/types-6.2.2.tgz",
      "integrity": "sha512-Y/1sRtw3a5JU4YdNBig8lLSVJ1UdYtuge+QP1CVLcLSAbq07Ok1bvF+Z+BlNcnHqle2Fl8aKuryG5Yu86enOyQ=="
    },
    "@sentry/utils": {
      "version": "6.2.2",
      "resolved": "https://registry.npmjs.org/@sentry/utils/-/utils-6.2.2.tgz",
      "integrity": "sha512-qaee6X6VDNZ8HeO83/veaKw0KuhDE7j1R+Yryme3PywFzsoTzutDrEQjb7gvcHAhBaAYX8IHUBHgxcFI9BxI+w==",
      "requires": {
        "@sentry/types": "6.2.2",
        "tslib": "^1.9.3"
      }
    },
    "axios-mock-adapter": {
      "version": "1.19.0",
      "resolved": "https://registry.npmjs.org/axios-mock-adapter/-/axios-mock-adapter-1.19.0.tgz",
      "integrity": "sha512-D+0U4LNPr7WroiBDvWilzTMYPYTuZlbo6BI8YHZtj7wYQS8NkARlP9KBt8IWWHTQJ0q/8oZ0ClPBtKCCkx8cQg==",
      "requires": {
        "fast-deep-equal": "^3.1.3",
        "is-buffer": "^2.0.3"
      }
    },
    "fast-deep-equal": {
      "version": "3.1.3",
      "resolved": "https://registry.npmjs.org/fast-deep-equal/-/fast-deep-equal-3.1.3.tgz",
      "integrity": "sha512-f3qQ9oQy9j2AhBe/H9VC91wLmKBCCU/gDOnKNAYG5hswO7BLKj09Hc5HYNz9cGI++xlpDCIgDaitVs03ATR84Q=="
    },
    "hoist-non-react-statics": {
      "version": "3.3.2",
      "resolved": "https://registry.npmjs.org/hoist-non-react-statics/-/hoist-non-react-statics-3.3.2.tgz",
      "integrity": "sha512-/gGivxi8JPKWNm/W0jSmzcMPpfpPLc3dY/6GxhX2hQ9iGj3aDfklV4ET7NjKpSinLpJ5vafa9iiGIEZg10SfBw==",
      "requires": {
        "react-is": "^16.7.0"
      }
    },
    "immer": {
      "version": "8.0.0",
      "resolved": "https://registry.npmjs.org/immer/-/immer-8.0.0.tgz",
      "integrity": "sha512-jm87NNBAIG4fHwouilCHIecFXp5rMGkiFrAuhVO685UnMAlOneEAnOyzPt8OnP47TC11q/E7vpzZe0WvwepFTg=="
    },
    "is-buffer": {
      "version": "2.0.5",
      "resolved": "https://registry.npmjs.org/is-buffer/-/is-buffer-2.0.5.tgz",
      "integrity": "sha512-i2R6zNFDwgEHJyQUtJEk0XFi1i0dPFn/oqjK3/vPCcDeJvW5NQ83V8QbicfF1SupOaB0h8ntgBC2YiE7dfyctQ=="
    },
    "js-tokens": {
      "version": "4.0.0",
      "resolved": "https://registry.npmjs.org/js-tokens/-/js-tokens-4.0.0.tgz",
      "integrity": "sha512-RdJUflcE3cUzKiMqQgsCu06FPu9UdIJO0beYbPhHN4k6apgJtifcoCtT9bcxOpYBtpD2kCM6Sbzg4CausW/PKQ=="
    },
    "loose-envify": {
      "version": "1.4.0",
      "resolved": "https://registry.npmjs.org/loose-envify/-/loose-envify-1.4.0.tgz",
      "integrity": "sha512-lyuxPGr/Wfhrlem2CL/UcnUc1zcqKAImBDzukY7Y5F/yQiNdko6+fRLevlw1HgMySw7f611UIY408EtxRSoK3Q==",
      "requires": {
        "js-tokens": "^3.0.0 || ^4.0.0"
      }
    },
    "normalize.css": {
      "version": "8.0.1",
      "resolved": "https://registry.npmjs.org/normalize.css/-/normalize.css-8.0.1.tgz",
      "integrity": "sha512-qizSNPO93t1YUuUhP22btGOo3chcvDFqFaj2TRybP0DMxkHOCTYwp3n34fel4a31ORXy4m1Xq0Gyqpb5m33qIg=="
    },
    "react-is": {
      "version": "16.13.1",
      "resolved": "https://registry.npmjs.org/react-is/-/react-is-16.13.1.tgz",
      "integrity": "sha512-24e6ynE2H+OKt4kqsOvNd8kBpV65zoxbA4BVsEOB3ARVWQki/DHzaUoC5KuON/BiccDaCCTZBuOcfZs70kR8bQ=="
    },
    "redux": {
      "version": "4.0.5",
      "resolved": "https://registry.npmjs.org/redux/-/redux-4.0.5.tgz",
      "integrity": "sha512-VSz1uMAH24DM6MF72vcojpYPtrTUu3ByVWfPL1nPfVRb5mZVTve5GnNCUV53QM/BZ66xfWrm0CTWoM+Xlz8V1w==",
      "requires": {
        "loose-envify": "^1.4.0",
        "symbol-observable": "^1.2.0"
      }
    },
    "redux-thunk": {
      "version": "2.3.0",
      "resolved": "https://registry.npmjs.org/redux-thunk/-/redux-thunk-2.3.0.tgz",
      "integrity": "sha512-km6dclyFnmcvxhAcrQV2AkZmPQjzPDjgVlQtR0EQjxZPyJ0BnMf3in1ryuR8A2qU0HldVRfxYXbFSKlI3N7Slw=="
    },
    "reselect": {
      "version": "4.0.0",
      "resolved": "https://registry.npmjs.org/reselect/-/reselect-4.0.0.tgz",
      "integrity": "sha512-qUgANli03jjAyGlnbYVAV5vvnOmJnODyABz51RdBN7M4WaVu8mecZWgyQNkG8Yqe3KRGRt0l4K4B3XVEULC4CA=="
    },
    "symbol-observable": {
      "version": "1.2.0",
      "resolved": "https://registry.npmjs.org/symbol-observable/-/symbol-observable-1.2.0.tgz",
      "integrity": "sha512-e900nM8RRtGhlV36KGEU9k65K3mPb1WV70OdjfxlG2EAuM1noi/E/BaW/uMhL7bPEssK8QV57vN3esixjUvcXQ=="
    },
    "tslib": {
      "version": "1.14.1",
      "resolved": "https://registry.npmjs.org/tslib/-/tslib-1.14.1.tgz",
      "integrity": "sha512-Xni35NKzjgMrwevysHTCArtLDpPvye8zV/0E4EyYn43P7/7qvQwPh9BGkHewbMulVntbigmcT7rdX3BNo9wRJg=="
    }
  }
}
